
Microsoft Visual Studio Solution File, Format Version 12.00
# Visual Studio Version 17
VisualStudioVersion = 17.4.33213.308
MinimumVisualStudioVersion = 10.0.40219.1
Project("{FAE04EC0-301F-11D3-BF4B-00C04F79EFBC}") = "Json Web Token Core", "Json Web Token Core\Json Web Token Core.csproj", "{DB0278E6-C981-4427-ACBF-4172C1CF047B}"
EndProject
Global
	GlobalSection(SolutionConfigurationPlatforms) = preSolution
		Debug|Any CPU = Debug|Any CPU
		Release|Any CPU = Release|Any CPU
	EndGlobalSection
	GlobalSection(ProjectConfigurationPlatforms) = postSolution
		{DB0278E6-C981-4427-ACBF-4172C1CF047B}.Debug|Any CPU.ActiveCfg = Debug|Any CPU
		{DB0278E6-C981-4427-ACBF-4172C1CF047B}.Debug|Any CPU.Build.0 = Debug|Any CPU
		{DB0278E6-C981-4427-ACBF-4172C1CF047B}.Release|Any CPU.ActiveCfg = Release|Any CPU
		{DB0278E6-C981-4427-ACBF-4172C1CF047B}.Release|Any CPU.Build.0 = Release|Any CPU
	EndGlobalSection
	GlobalSection(SolutionProperties) = preSolution
		HideSolutionNode = FALSE
	EndGlobalSection
	GlobalSection(ExtensibilityGlobals) = postSolution
		SolutionGuid = {54B6EF87-923E-471E-9CB5-10C7E2E6699C}
	EndGlobalSection
EndGlobal
